{
  "name": "tao-foobaz-fe",
  "version": "0.0.1",
  "lockfileVersion": 1,
  "requires": true,
  "dependencies": {
    "@oat-sa/browserslist-config-tao": {
      "version": "0.1.0",
      "resolved": "https://registry.npmjs.org/@oat-sa/browserslist-config-tao/-/browserslist-config-tao-0.1.0.tgz",
      "integrity": "sha512-RFC3jnyK7y2xdr98wTdxoRoXUJyjso0HA9HHbKhFaU8fOshAkvBPIPqSfyyZdiSyiuctGeoE4KjeVIo+1xMuiw=="
    },
    "@oat-sa/tao-core-sdk": {
      "version": "0.9.0",
      "resolved": "https://registry.npmjs.org/@oat-sa/tao-core-sdk/-/tao-core-sdk-0.9.0.tgz",
      "integrity": "sha512-Ah/PzUwFslDjoPKyhbo2MnZMt8xLzDwbAUj5PyfWuIrQ6hT2JC4++rfTcd+9VkyRFkSK44z5+xSY9Ca1ujEZ3Q==",
      "requires": {
        "idb-wrapper": "1.7.0",
        "webcrypto-shim": "0.1.4"
      }
    },
    "idb-wrapper": {
      "version": "1.7.0",
      "resolved": "https://registry.npmjs.org/idb-wrapper/-/idb-wrapper-1.7.0.tgz",
      "integrity": "sha1-Cn+yxw4OF3+RGOZHPGdTVrXmKD4="
    },
    "the-answer": {
      "version": "1.0.0",
      "resolved": "https://registry.npmjs.org/the-answer/-/the-answer-1.0.0.tgz",
      "integrity": "sha1-bbxMnbRp1PQ3EgsJ5EcA/DIPFws="
    },
    "webcrypto-shim": {
      "version": "0.1.4",
      "resolved": "https://registry.npmjs.org/webcrypto-shim/-/webcrypto-shim-0.1.4.tgz",
      "integrity": "sha512-I2lnL+K2oPNE9ryVHwo42oDnt8XQ9E1KKMGCmcT7OXaAKPmUeCi/G0nUgLR6M6Ztj05ZCxLMGf5bXNaSo+wURg=="
    }
  }
}
